<?xml version="1.0" encoding="UTF-8" standalone="yes" ?>
<CodeBlocks_project_file>
	<FileVersion major="1" minor="6" />
	<Project>
		<Option title="CYBORUS SDL2 Toolkit" />
		<Option pch_mode="2" />
		<Option compiler="gcc" />
		<Build>
			<Target title="Debug">
				<Option output="sdl2tk-win32" prefix_auto="1" extension_auto="1" />
				<Option working_dir="" />
				<Option object_output="obj/Debug/" />
				<Option type="2" />
				<Option compiler="gcc" />
				<Option createDefFile="1" />
				<Compiler>
					<Add option="-Wall" />
					<Add option="-g" />
				</Compiler>
			</Target>
			<Target title="Release">
				<Option output="sdl2tk-win32" prefix_auto="1" extension_auto="1" />
				<Option working_dir="" />
				<Option object_output="obj/Release/" />
				<Option type="2" />
				<Option compiler="gcc" />
				<Option createDefFile="1" />
				<Compiler>
					<Add option="-Wall" />
					<Add option="-O2" />
				</Compiler>
				<Linker>
					<Add option="-s" />
				</Linker>
			</Target>
		</Build>
		<Compiler>
			<Add option="-std=c++11" />
			<Add directory="C:/Program Files (x86)/OpenAL 1.1 SDK/include" />
		</Compiler>
		<Unit filename="../../include/SDL2TK/Camera.hpp" />
		<Unit filename="../../include/SDL2TK/Matrix4x4.hpp" />
		<Unit filename="../../include/SDL2TK/Module.hpp" />
		<Unit filename="../../include/SDL2TK/OpenAL/AudioBuffer.hpp" />
		<Unit filename="../../include/SDL2TK/OpenAL/AudioContext.hpp" />
		<Unit filename="../../include/SDL2TK/OpenAL/AudioDevice.hpp" />
		<Unit filename="../../include/SDL2TK/OpenAL/AudioSource.hpp" />
		<Unit filename="../../include/SDL2TK/OpenGL/Program.hpp" />
		<Unit filename="../../include/SDL2TK/OpenGL/ProgramBuilder.hpp" />
		<Unit filename="../../include/SDL2TK/OpenGL/Shader.hpp" />
		<Unit filename="../../include/SDL2TK/OpenGL/glew.h" />
		<Unit filename="../../include/SDL2TK/OpenGL/glxew.h" />
		<Unit filename="../../include/SDL2TK/OpenGL/wglew.h" />
		<Unit filename="../../include/SDL2TK/Rotation.hpp" />
		<Unit filename="../../include/SDL2TK/Surface.hpp" />
		<Unit filename="../../include/SDL2TK/TimeSpan.hpp" />
		<Unit filename="../../include/SDL2TK/Tools.hpp" />
		<Unit filename="../../include/SDL2TK/Vector.hpp" />
		<Unit filename="../../include/SDL2TK/Vector3.hpp" />
		<Unit filename="../../include/SDL2TK/Vector4.hpp" />
		<Unit filename="../../include/SDL2TK/Window.hpp" />
		<Unit filename="../../include/SDL2TK/WindowSettings.hpp" />
		<Unit filename="../../source/AudioBuffer.cpp" />
		<Unit filename="../../source/AudioContext.cpp" />
		<Unit filename="../../source/AudioDevice.cpp" />
		<Unit filename="../../source/AudioSource.cpp" />
		<Unit filename="../../source/Module.cpp" />
		<Unit filename="../../source/Program.cpp" />
		<Unit filename="../../source/ProgramBuilder.cpp" />
		<Unit filename="../../source/Shader.cpp" />
		<Unit filename="../../source/Surface.cpp" />
		<Unit filename="../../source/TimeSpan.cpp" />
		<Unit filename="../../source/Tools.cpp" />
		<Unit filename="../../source/Window.cpp" />
		<Unit filename="../../source/WindowSettings.cpp" />
		<Unit filename="../../source/glew.c">
			<Option compilerVar="CC" />
		</Unit>
		<Extensions>
			<code_completion />
			<envvars />
			<debugger />
			<lib_finder disable_auto="1" />
		</Extensions>
	</Project>
</CodeBlocks_project_file>
